
Microsoft Visual Studio Solution File, Format Version 12.00
# Visual Studio Version 16
VisualStudioVersion = 16.0.29025.244
MinimumVisualStudioVersion = 10.0.40219.1
Project("{FAE04EC0-301F-11D3-BF4B-00C04F79EFBC}") = "NpcChatUi", "NpcChatUi\NpcChatUi.csproj", "{50F83CA0-8BE9-4064-B2DA-C2B952F1DD9D}"
EndProject
Project("{FAE04EC0-301F-11D3-BF4B-00C04F79EFBC}") = "NpcChatSystem", "NpcChatSystem\NpcChatSystem.csproj", "{42513F8F-9551-443A-9A37-3420109B95B8}"
EndProject
Project("{FAE04EC0-301F-11D3-BF4B-00C04F79EFBC}") = "NpcChatTest", "NpcChatTest\NpcChatTest.csproj", "{A8F16C93-2841-4F6A-AE2C-EE23C36A204B}"
EndProject
Project("{2150E333-8FDC-42A3-9474-1A3956D46DE8}") = "External", "External", "{2B9F80A1-4D07-4204-8BE1-94373AA463BB}"
EndProject
Project("{2150E333-8FDC-42A3-9474-1A3956D46DE8}") = "ModernUi", "ModernUi", "{3DBCB6F3-C113-4F60-9B34-E554624D0CF2}"
EndProject
Project("{FAE04EC0-301F-11D3-BF4B-00C04F79EFBC}") = "FirstFloor.ModernUI", "External\FirstFloor.ModernUI\FirstFloor.ModernUI\FirstFloor.ModernUI.csproj", "{9A653A28-FE46-40E8-A14F-48B0E325165D}"
EndProject
Project("{D954291E-2A0B-460D-934E-DC6B0785DB48}") = "Shared", "External\FirstFloor.ModernUI\Shared\Shared.shproj", "{EEDA74FC-CA5A-4C06-9654-2600B74E2D1D}"
EndProject
Project("{2150E333-8FDC-42A3-9474-1A3956D46DE8}") = "Tests", "Tests", "{99A2BA0D-E238-48D8-859A-548A37ED4B20}"
EndProject
Project("{FAE04EC0-301F-11D3-BF4B-00C04F79EFBC}") = "NpcChatTestUi", "NpcChatTestUi\NpcChatTestUi.csproj", "{21510F5D-380D-4C83-8941-308BFD4FEF09}"
EndProject
Project("{2150E333-8FDC-42A3-9474-1A3956D46DE8}") = "ModernUi.extended.toolkit", "ModernUi.extended.toolkit", "{7ABB3AA9-32A5-4227-A34E-A8AA8C31B9DC}"
EndProject
Project("{FAE04EC0-301F-11D3-BF4B-00C04F79EFBC}") = "ModernUI.Xceed.Toolkit", "External\mui.extended.toolkit\ModernUI.Xceed\ModernUI.Xceed.Toolkit\ModernUI.Xceed.Toolkit.csproj", "{5A634859-F873-42B4-A533-F05404A22378}"
EndProject
Project("{FAE04EC0-301F-11D3-BF4B-00C04F79EFBC}") = "ModernUI.Xceed.AvalonDock", "External\mui.extended.toolkit\ModernUI.Xceed\ModernUI.Xceed.AvalonDock\ModernUI.Xceed.AvalonDock.csproj", "{10FAE934-1213-48F3-99F7-3DDC7A196838}"
EndProject
Project("{FAE04EC0-301F-11D3-BF4B-00C04F79EFBC}") = "ModernUI.Standard.Controls", "External\mui.extended.toolkit\ModernUI.Xceed\ModernUI.Standard.Controls\ModernUI.Standard.Controls.csproj", "{64A84980-CBCB-42AA-A048-EBF9B922020A}"
EndProject
Project("{2150E333-8FDC-42A3-9474-1A3956D46DE8}") = "NlogViewer", "NlogViewer", "{14CBE33B-AE9E-4F76-B475-2E432A1E573D}"
EndProject
Project("{FAE04EC0-301F-11D3-BF4B-00C04F79EFBC}") = "NlogViewer", "External\NlogViewer\NlogViewer\NlogViewer.csproj", "{C04E879D-287E-49B5-9933-42FC2EFF75F0}"
EndProject
Project("{2150E333-8FDC-42A3-9474-1A3956D46DE8}") = "NodeNetwork", "NodeNetwork", "{E42EA606-3FCA-4571-A426-900A1D772400}"
EndProject
Project("{FAE04EC0-301F-11D3-BF4B-00C04F79EFBC}") = "NodeNetwork", "External\NodeNetwork\NodeNetwork\NodeNetwork.csproj", "{96E1761E-AE02-48E9-95E8-4A3B2FC32025}"
EndProject
Project("{FAE04EC0-301F-11D3-BF4B-00C04F79EFBC}") = "NodeNetworkToolkit", "External\NodeNetwork\NodeNetworkToolkit\NodeNetworkToolkit.csproj", "{391D0670-646F-4633-9E86-E9A966F61953}"
EndProject
Global
	GlobalSection(SharedMSBuildProjectFiles) = preSolution
		External\FirstFloor.ModernUI\Shared\Shared.projitems*{9a653a28-fe46-40e8-a14f-48b0e325165d}*SharedItemsImports = 4
		External\FirstFloor.ModernUI\Shared\Shared.projitems*{eeda74fc-ca5a-4c06-9654-2600b74e2d1d}*SharedItemsImports = 13
	EndGlobalSection
	GlobalSection(SolutionConfigurationPlatforms) = preSolution
		Debug|x64 = Debug|x64
		Release|x64 = Release|x64
	EndGlobalSection
	GlobalSection(ProjectConfigurationPlatforms) = postSolution
		{50F83CA0-8BE9-4064-B2DA-C2B952F1DD9D}.Debug|x64.ActiveCfg = Debug|x64
		{50F83CA0-8BE9-4064-B2DA-C2B952F1DD9D}.Debug|x64.Build.0 = Debug|x64
		{50F83CA0-8BE9-4064-B2DA-C2B952F1DD9D}.Release|x64.ActiveCfg = Release|x64
		{50F83CA0-8BE9-4064-B2DA-C2B952F1DD9D}.Release|x64.Build.0 = Release|x64
		{42513F8F-9551-443A-9A37-3420109B95B8}.Debug|x64.ActiveCfg = Debug|x64
		{42513F8F-9551-443A-9A37-3420109B95B8}.Debug|x64.Build.0 = Debug|x64
		{42513F8F-9551-443A-9A37-3420109B95B8}.Release|x64.ActiveCfg = Release|x64
		{42513F8F-9551-443A-9A37-3420109B95B8}.Release|x64.Build.0 = Release|x64
		{A8F16C93-2841-4F6A-AE2C-EE23C36A204B}.Debug|x64.ActiveCfg = Debug|x64
		{A8F16C93-2841-4F6A-AE2C-EE23C36A204B}.Debug|x64.Build.0 = Debug|x64
		{A8F16C93-2841-4F6A-AE2C-EE23C36A204B}.Release|x64.ActiveCfg = Release|x64
		{A8F16C93-2841-4F6A-AE2C-EE23C36A204B}.Release|x64.Build.0 = Release|x64
		{9A653A28-FE46-40E8-A14F-48B0E325165D}.Debug|x64.ActiveCfg = Debug|Any CPU
		{9A653A28-FE46-40E8-A14F-48B0E325165D}.Debug|x64.Build.0 = Debug|Any CPU
		{9A653A28-FE46-40E8-A14F-48B0E325165D}.Release|x64.ActiveCfg = Release|Any CPU
		{9A653A28-FE46-40E8-A14F-48B0E325165D}.Release|x64.Build.0 = Release|Any CPU
		{21510F5D-380D-4C83-8941-308BFD4FEF09}.Debug|x64.ActiveCfg = Debug|Any CPU
		{21510F5D-380D-4C83-8941-308BFD4FEF09}.Debug|x64.Build.0 = Debug|Any CPU
		{21510F5D-380D-4C83-8941-308BFD4FEF09}.Release|x64.ActiveCfg = Release|Any CPU
		{21510F5D-380D-4C83-8941-308BFD4FEF09}.Release|x64.Build.0 = Release|Any CPU
		{5A634859-F873-42B4-A533-F05404A22378}.Debug|x64.ActiveCfg = Debug|x64
		{5A634859-F873-42B4-A533-F05404A22378}.Debug|x64.Build.0 = Debug|x64
		{5A634859-F873-42B4-A533-F05404A22378}.Release|x64.ActiveCfg = Release|x64
		{5A634859-F873-42B4-A533-F05404A22378}.Release|x64.Build.0 = Release|x64
		{10FAE934-1213-48F3-99F7-3DDC7A196838}.Debug|x64.ActiveCfg = Debug|x64
		{10FAE934-1213-48F3-99F7-3DDC7A196838}.Debug|x64.Build.0 = Debug|x64
		{10FAE934-1213-48F3-99F7-3DDC7A196838}.Release|x64.ActiveCfg = Release|x64
		{10FAE934-1213-48F3-99F7-3DDC7A196838}.Release|x64.Build.0 = Release|x64
		{64A84980-CBCB-42AA-A048-EBF9B922020A}.Debug|x64.ActiveCfg = Debug|x64
		{64A84980-CBCB-42AA-A048-EBF9B922020A}.Debug|x64.Build.0 = Debug|x64
		{64A84980-CBCB-42AA-A048-EBF9B922020A}.Release|x64.ActiveCfg = Release|x64
		{64A84980-CBCB-42AA-A048-EBF9B922020A}.Release|x64.Build.0 = Release|x64
		{C04E879D-287E-49B5-9933-42FC2EFF75F0}.Debug|x64.ActiveCfg = Debug|Any CPU
		{C04E879D-287E-49B5-9933-42FC2EFF75F0}.Debug|x64.Build.0 = Debug|Any CPU
		{C04E879D-287E-49B5-9933-42FC2EFF75F0}.Release|x64.ActiveCfg = Release|Any CPU
		{C04E879D-287E-49B5-9933-42FC2EFF75F0}.Release|x64.Build.0 = Release|Any CPU
		{96E1761E-AE02-48E9-95E8-4A3B2FC32025}.Debug|x64.ActiveCfg = Debug|Any CPU
		{96E1761E-AE02-48E9-95E8-4A3B2FC32025}.Debug|x64.Build.0 = Debug|Any CPU
		{96E1761E-AE02-48E9-95E8-4A3B2FC32025}.Release|x64.ActiveCfg = Release|Any CPU
		{96E1761E-AE02-48E9-95E8-4A3B2FC32025}.Release|x64.Build.0 = Release|Any CPU
		{391D0670-646F-4633-9E86-E9A966F61953}.Debug|x64.ActiveCfg = Debug|Any CPU
		{391D0670-646F-4633-9E86-E9A966F61953}.Debug|x64.Build.0 = Debug|Any CPU
		{391D0670-646F-4633-9E86-E9A966F61953}.Release|x64.ActiveCfg = Release|Any CPU
		{391D0670-646F-4633-9E86-E9A966F61953}.Release|x64.Build.0 = Release|Any CPU
	EndGlobalSection
	GlobalSection(SolutionProperties) = preSolution
		HideSolutionNode = FALSE
	EndGlobalSection
	GlobalSection(NestedProjects) = preSolution
		{A8F16C93-2841-4F6A-AE2C-EE23C36A204B} = {99A2BA0D-E238-48D8-859A-548A37ED4B20}
		{3DBCB6F3-C113-4F60-9B34-E554624D0CF2} = {2B9F80A1-4D07-4204-8BE1-94373AA463BB}
		{9A653A28-FE46-40E8-A14F-48B0E325165D} = {3DBCB6F3-C113-4F60-9B34-E554624D0CF2}
		{EEDA74FC-CA5A-4C06-9654-2600B74E2D1D} = {3DBCB6F3-C113-4F60-9B34-E554624D0CF2}
		{21510F5D-380D-4C83-8941-308BFD4FEF09} = {99A2BA0D-E238-48D8-859A-548A37ED4B20}
		{7ABB3AA9-32A5-4227-A34E-A8AA8C31B9DC} = {2B9F80A1-4D07-4204-8BE1-94373AA463BB}
		{5A634859-F873-42B4-A533-F05404A22378} = {7ABB3AA9-32A5-4227-A34E-A8AA8C31B9DC}
		{10FAE934-1213-48F3-99F7-3DDC7A196838} = {7ABB3AA9-32A5-4227-A34E-A8AA8C31B9DC}
		{64A84980-CBCB-42AA-A048-EBF9B922020A} = {7ABB3AA9-32A5-4227-A34E-A8AA8C31B9DC}
		{14CBE33B-AE9E-4F76-B475-2E432A1E573D} = {2B9F80A1-4D07-4204-8BE1-94373AA463BB}
		{C04E879D-287E-49B5-9933-42FC2EFF75F0} = {14CBE33B-AE9E-4F76-B475-2E432A1E573D}
		{E42EA606-3FCA-4571-A426-900A1D772400} = {2B9F80A1-4D07-4204-8BE1-94373AA463BB}
		{96E1761E-AE02-48E9-95E8-4A3B2FC32025} = {E42EA606-3FCA-4571-A426-900A1D772400}
		{391D0670-646F-4633-9E86-E9A966F61953} = {E42EA606-3FCA-4571-A426-900A1D772400}
	EndGlobalSection
	GlobalSection(ExtensibilityGlobals) = postSolution
		SolutionGuid = {D75EC4FA-B6A7-4476-A0FD-CDC503780AD8}
	EndGlobalSection
EndGlobal
